
Microsoft Visual Studio Solution File, Format Version 12.00
# Visual Studio Version 16
VisualStudioVersion = 16.0.31005.135
MinimumVisualStudioVersion = 10.0.40219.1
Project("{9A19103F-16F7-4668-BE54-9A1E7A4F7556}") = "Plan Maker", "Plan Maker\Plan Maker.csproj", "{5070A055-2B97-4823-BF5C-04DBB39B88BD}"
EndProject
Project("{54435603-DBB4-11D2-8724-00A0C9A8B90C}") = "Dash Setup", "Dash Setup\Dash Setup.vdproj", "{A6ED0060-2A3C-4244-A239-5049E60CA114}"
EndProject
Global
	GlobalSection(SolutionConfigurationPlatforms) = preSolution
		Debug|Any CPU = Debug|Any CPU
		Release|Any CPU = Release|Any CPU
	EndGlobalSection
	GlobalSection(ProjectConfigurationPlatforms) = postSolution
		{5070A055-2B97-4823-BF5C-04DBB39B88BD}.Debug|Any CPU.ActiveCfg = Debug|Any CPU
		{5070A055-2B97-4823-BF5C-04DBB39B88BD}.Debug|Any CPU.Build.0 = Debug|Any CPU
		{5070A055-2B97-4823-BF5C-04DBB39B88BD}.Release|Any CPU.ActiveCfg = Release|Any CPU
		{5070A055-2B97-4823-BF5C-04DBB39B88BD}.Release|Any CPU.Build.0 = Release|Any CPU
		{A6ED0060-2A3C-4244-A239-5049E60CA114}.Debug|Any CPU.ActiveCfg = Debug
		{A6ED0060-2A3C-4244-A239-5049E60CA114}.Release|Any CPU.ActiveCfg = Release
	EndGlobalSection
	GlobalSection(SolutionProperties) = preSolution
		HideSolutionNode = FALSE
	EndGlobalSection
	GlobalSection(ExtensibilityGlobals) = postSolution
		SolutionGuid = {0FDFCB1B-641A-4AFA-A1DE-616AE0DF9D4E}
	EndGlobalSection
EndGlobal
